
Microsoft Visual Studio Solution File, Format Version 12.00
# Visual Studio Version 17
VisualStudioVersion = 17.0.31919.166
MinimumVisualStudioVersion = 10.0.40219.1
Project("{FAE04EC0-301F-11D3-BF4B-00C04F79EFBC}") = "UI", "UI\UI.csproj", "{D1590F92-96FB-4ACA-9711-06D0E85CB849}"
	ProjectSection(ProjectDependencies) = postProject
		{FC5AEE3E-E7A7-4545-8553-2ADAB0AAB99F} = {FC5AEE3E-E7A7-4545-8553-2ADAB0AAB99F}
		{2086F0A1-0209-44DD-BBBF-1DBB94A53E4A} = {2086F0A1-0209-44DD-BBBF-1DBB94A53E4A}
	EndProjectSection
EndProject
Project("{FAE04EC0-301F-11D3-BF4B-00C04F79EFBC}") = "BE", "BE\BE.csproj", "{FC5AEE3E-E7A7-4545-8553-2ADAB0AAB99F}"
EndProject
Project("{FAE04EC0-301F-11D3-BF4B-00C04F79EFBC}") = "BLL", "BLL\BLL.csproj", "{2086F0A1-0209-44DD-BBBF-1DBB94A53E4A}"
	ProjectSection(ProjectDependencies) = postProject
		{FC5AEE3E-E7A7-4545-8553-2ADAB0AAB99F} = {FC5AEE3E-E7A7-4545-8553-2ADAB0AAB99F}
		{5D079860-6FFB-406B-8D80-538633C1CE58} = {5D079860-6FFB-406B-8D80-538633C1CE58}
	EndProjectSection
EndProject
Project("{FAE04EC0-301F-11D3-BF4B-00C04F79EFBC}") = "DAL", "DAL\DAL.csproj", "{5D079860-6FFB-406B-8D80-538633C1CE58}"
	ProjectSection(ProjectDependencies) = postProject
		{FC5AEE3E-E7A7-4545-8553-2ADAB0AAB99F} = {FC5AEE3E-E7A7-4545-8553-2ADAB0AAB99F}
	EndProjectSection
EndProject
Project("{FAE04EC0-301F-11D3-BF4B-00C04F79EFBC}") = "Servicios", "Servicios\Servicios.csproj", "{61B2C7AE-F768-4703-A1B2-50B84154CCCA}"
	ProjectSection(ProjectDependencies) = postProject
		{FC5AEE3E-E7A7-4545-8553-2ADAB0AAB99F} = {FC5AEE3E-E7A7-4545-8553-2ADAB0AAB99F}
	EndProjectSection
EndProject
Global
	GlobalSection(SolutionConfigurationPlatforms) = preSolution
		Debug|Any CPU = Debug|Any CPU
		Release|Any CPU = Release|Any CPU
	EndGlobalSection
	GlobalSection(ProjectConfigurationPlatforms) = postSolution
		{D1590F92-96FB-4ACA-9711-06D0E85CB849}.Debug|Any CPU.ActiveCfg = Debug|Any CPU
		{D1590F92-96FB-4ACA-9711-06D0E85CB849}.Debug|Any CPU.Build.0 = Debug|Any CPU
		{D1590F92-96FB-4ACA-9711-06D0E85CB849}.Release|Any CPU.ActiveCfg = Release|Any CPU
		{D1590F92-96FB-4ACA-9711-06D0E85CB849}.Release|Any CPU.Build.0 = Release|Any CPU
		{FC5AEE3E-E7A7-4545-8553-2ADAB0AAB99F}.Debug|Any CPU.ActiveCfg = Debug|Any CPU
		{FC5AEE3E-E7A7-4545-8553-2ADAB0AAB99F}.Debug|Any CPU.Build.0 = Debug|Any CPU
		{FC5AEE3E-E7A7-4545-8553-2ADAB0AAB99F}.Release|Any CPU.ActiveCfg = Release|Any CPU
		{FC5AEE3E-E7A7-4545-8553-2ADAB0AAB99F}.Release|Any CPU.Build.0 = Release|Any CPU
		{2086F0A1-0209-44DD-BBBF-1DBB94A53E4A}.Debug|Any CPU.ActiveCfg = Debug|Any CPU
		{2086F0A1-0209-44DD-BBBF-1DBB94A53E4A}.Debug|Any CPU.Build.0 = Debug|Any CPU
		{2086F0A1-0209-44DD-BBBF-1DBB94A53E4A}.Release|Any CPU.ActiveCfg = Release|Any CPU
		{2086F0A1-0209-44DD-BBBF-1DBB94A53E4A}.Release|Any CPU.Build.0 = Release|Any CPU
		{5D079860-6FFB-406B-8D80-538633C1CE58}.Debug|Any CPU.ActiveCfg = Debug|Any CPU
		{5D079860-6FFB-406B-8D80-538633C1CE58}.Debug|Any CPU.Build.0 = Debug|Any CPU
		{5D079860-6FFB-406B-8D80-538633C1CE58}.Release|Any CPU.ActiveCfg = Release|Any CPU
		{5D079860-6FFB-406B-8D80-538633C1CE58}.Release|Any CPU.Build.0 = Release|Any CPU
		{61B2C7AE-F768-4703-A1B2-50B84154CCCA}.Debug|Any CPU.ActiveCfg = Debug|Any CPU
		{61B2C7AE-F768-4703-A1B2-50B84154CCCA}.Debug|Any CPU.Build.0 = Debug|Any CPU
		{61B2C7AE-F768-4703-A1B2-50B84154CCCA}.Release|Any CPU.ActiveCfg = Release|Any CPU
		{61B2C7AE-F768-4703-A1B2-50B84154CCCA}.Release|Any CPU.Build.0 = Release|Any CPU
	EndGlobalSection
	GlobalSection(SolutionProperties) = preSolution
		HideSolutionNode = FALSE
	EndGlobalSection
	GlobalSection(ExtensibilityGlobals) = postSolution
		SolutionGuid = {B937DE9D-F771-4AFA-96A7-25EF353F9AF3}
	EndGlobalSection
EndGlobal
